{
  "nodes": {
    "flake-compat": {
      "flake": false,
      "locked": {
        "lastModified": 1648199409,
        "narHash": "sha256-JwPKdC2PoVBkG6E+eWw3j6BMR6sL3COpYWfif7RVb8Y=",
        "owner": "edolstra",
        "repo": "flake-compat",
        "rev": "64a525ee38886ab9028e6f61790de0832aa3ef03",
        "type": "github"
      },
      "original": {
        "owner": "edolstra",
        "repo": "flake-compat",
        "type": "github"
      }
    },
    "home-manager": {
      "inputs": {
        "nixpkgs": "nixpkgs"
      },
      "locked": {
        "lastModified": 1652913097,
        "narHash": "sha256-hOs8Z5WYzCor+qP+JgSgrCJRC+UuN9pfTUnXqyRUBvY=",
        "owner": "nix-community",
        "repo": "home-manager",
        "rev": "cb9f03d519cf96fcd7dfb990cc0e586a62ca6e69",
        "type": "github"
      },
      "original": {
        "owner": "nix-community",
        "repo": "home-manager",
        "type": "github"
      }
    },
    "libnbtplusplus": {
      "flake": false,
      "locked": {
        "lastModified": 1591558203,
        "narHash": "sha256-QgvNvaoFflCXEPCCFBCeZvYTpuiwScBG7EosUgFwFNQ=",
        "owner": "multimc",
        "repo": "libnbtplusplus",
        "rev": "dc72a20b7efd304d12af2025223fad07b4b78464",
        "type": "github"
      },
      "original": {
        "owner": "multimc",
        "repo": "libnbtplusplus",
        "type": "github"
      }
    },
    "nixpkgs": {
      "locked": {
        "lastModified": 1652840887,
        "narHash": "sha256-gEK4NNa4GwIgTZE63kt/4WTFAWRTJVSa30+h4ZjFh9U=",
        "owner": "NixOS",
        "repo": "nixpkgs",
        "rev": "52dc75a4fee3fdbcb792cb6fba009876b912bfe0",
        "type": "github"
      },
      "original": {
        "id": "nixpkgs",
        "type": "indirect"
      }
    },
    "nixpkgs-21_11": {
      "locked": {
        "lastModified": 1652559422,
        "narHash": "sha256-jPVTNImBTUIFdtur+d4IVot6eXmsvtOcBm0TzxmhWPk=",
        "owner": "NixOS",
        "repo": "nixpkgs",
        "rev": "8b3398bc7587ebb79f93dfeea1b8c574d3c6dba1",
        "type": "github"
      },
      "original": {
        "owner": "NixOS",
        "repo": "nixpkgs",
        "rev": "8b3398bc7587ebb79f93dfeea1b8c574d3c6dba1",
        "type": "github"
      }
    },
    "nixpkgs_2": {
      "locked": {
        "lastModified": 1650161686,
        "narHash": "sha256-70ZWAlOQ9nAZ08OU6WY7n4Ij2kOO199dLfNlvO/+pf8=",
        "owner": "NixOS",
        "repo": "nixpkgs",
        "rev": "1ffba9f2f683063c2b14c9f4d12c55ad5f4ed887",
        "type": "github"
      },
      "original": {
        "owner": "NixOS",
        "ref": "1ffba9f2f68",
        "repo": "nixpkgs",
        "type": "github"
      }
    },
    "nixpkgs_3": {
      "locked": {
        "lastModified": 1648219316,
        "narHash": "sha256-Ctij+dOi0ZZIfX5eMhgwugfvB+WZSrvVNAyAuANOsnQ=",
        "owner": "nixos",
        "repo": "nixpkgs",
        "rev": "30d3d79b7d3607d56546dd2a6b49e156ba0ec634",
        "type": "github"
      },
      "original": {
        "owner": "nixos",
        "ref": "nixpkgs-unstable",
        "repo": "nixpkgs",
        "type": "github"
      }
    },
    "polymc": {
      "inputs": {
        "flake-compat": "flake-compat",
        "libnbtplusplus": "libnbtplusplus",
        "nixpkgs": "nixpkgs_3",
        "quazip": "quazip"
      },
      "locked": {
        "lastModified": 1652974937,
        "narHash": "sha256-EgxnzLC7CvTfg7Syw7YvSmpuie1Qc1MPD/dAJTSNGPE=",
        "owner": "PolyMC",
        "repo": "PolyMC",
        "rev": "3806f23b02a4b5c1d3dc7f6a8e84ff2ebee06cd7",
        "type": "github"
      },
      "original": {
        "owner": "PolyMC",
        "ref": "develop",
        "repo": "PolyMC",
        "type": "github"
      }
    },
    "quazip": {
      "flake": false,
      "locked": {
        "lastModified": 1643049383,
        "narHash": "sha256-LcJY6yd6GyeL7X5MP4L94diceM1TYespWByliBsjK98=",
        "owner": "stachenov",
        "repo": "quazip",
        "rev": "09ec1d10c6d627f895109b21728dda000cbfa7d1",
        "type": "github"
      },
      "original": {
        "owner": "stachenov",
        "repo": "quazip",
        "type": "github"
      }
    },
    "root": {
      "inputs": {
        "home-manager": "home-manager",
        "nixpkgs": "nixpkgs_2",
        "nixpkgs-21_11": "nixpkgs-21_11",
        "polymc": "polymc"
      }
    }
  },
  "root": "root",
  "version": 7
}
