{
  "channels": {
    "github:NixOS/nixpkgs b7a6fde153d": {
      "url": "https://github.com/NixOS/nixpkgs/archive/b7a6fde153d.tar.gz",
      "store_hash": "7rrljz5qwcj6z7x122zrf7y3gmjqaxb6"
    },
    "github:NixOS/nixpkgs c97e777ff06": {
      "url": "https://github.com/NixOS/nixpkgs/archive/c97e777ff06.tar.gz",
      "store_hash": "y7a2fv7b6lxn227cbnpld5k89jzdncra"
    },
    "github:NixOS/nixpkgs d8404059b21": {
      "url": "https://github.com/NixOS/nixpkgs/archive/d8404059b21.tar.gz",
      "store_hash": "kgbddn9xjsy81zjgimvkgr14q04mn8dr"
    },
    "github:NixOS/nixpkgs nixos-21.11": {
      "url": "https://github.com/NixOS/nixpkgs/archive/eabc38219184cc3e04a974fe31857d8e0eac098d.tar.gz",
      "store_hash": "g3bgaa9s64l8s0llh0j92l6lrxp9vsnh"
    },
    "github:NixOS/nixpkgs nixos-unstable": {
      "url": "https://github.com/NixOS/nixpkgs/archive/1b1f50645af2a70dc93eae18bfd88d330bfbcf7f.tar.gz",
      "store_hash": "c9j3x90zda8bxwrsydp2har1dv481w6y"
    },
    "github:NixOS/nixpkgs staging": {
      "url": "https://github.com/NixOS/nixpkgs/archive/2f8e6f3d33d73190ac8bebb4b4c94bfdf59c904d.tar.gz",
      "store_hash": "zqk59c9i6zxzwp91rsiy8xbjv020qrkz"
    },
    "github:PrismLauncher/PrismLauncher master": {
      "url": "https://github.com/PrismLauncher/PrismLauncher/archive/master.tar.gz",
      "store_hash": "v9msd97qxb1w4kyqcxhxh7li2f2k8cm4"
    },
    "github:diamondburned/nixpkgs 3e9725a365e": {
      "url": "https://github.com/diamondburned/nixpkgs/archive/3e9725a365e.tar.gz",
      "store_hash": "nfhp4psnyiana84zicakg9iwa5zb17ig"
    },
    "github:nix-community/NUR master": {
      "url": "https://github.com/nix-community/NUR/archive/25c0b2f7f43cbe50bf17f5c190c0aa6231d3754f.tar.gz",
      "store_hash": "saq4d26jf30wg6lz992qpammk48nhwz4"
    },
    "github:nix-community/home-manager master": {
      "url": "https://github.com/nix-community/home-manager/archive/08a778d80308353f4f65c9dcd3790b5da02d6306.tar.gz",
      "store_hash": "47km3w2914qdimwms13szvc9vgmc3rn2"
    },
    "github:nix-community/nixpkgs-wayland master": {
      "url": "https://github.com/nix-community/nixpkgs-wayland/archive/5097457af8e9dcf45a68fa892716919ad28e545a.tar.gz",
      "store_hash": "mlr1hdzy6b38nj6khsy0a7lnf1bl76vq"
    },
    "github:puffnfresh/nixpkgs pkgs/obs-backgroundremoval": {
      "url": "https://github.com/puffnfresh/nixpkgs/archive/08fc3fa6c22bd8ebbb4adadc75fb2dd44c535b92.tar.gz",
      "store_hash": "b6l7a59asyjqyylrxq6i00md31fdj0id"
    },
    "https://nixos.org/channels/nixos-unstable": {
      "url": "https://nixos.org/channels/nixos-unstable",
      "store_hash": "zkjnbwic1lhkb488da6mbrqv5rxpxa3q"
    }
  }
}
