{
  "channels": {
    "github:NixOS/nixpkgs c97e777ff06": {
      "url": "https://github.com/NixOS/nixpkgs/archive/c97e777ff06.tar.gz",
      "store_hash": "3jnz0b35cvaa7b3qq6zcp3w6mfsqhdps"
    },
    "github:NixOS/nixpkgs nixos-21.11": {
      "url": "https://github.com/NixOS/nixpkgs/archive/eabc38219184cc3e04a974fe31857d8e0eac098d.tar.gz",
      "store_hash": "88r745wdywwzvqzfk19xgim9rrsd5gm2"
    },
    "github:NixOS/nixpkgs nixos-unstable": {
      "url": "https://github.com/NixOS/nixpkgs/archive/d6490a0bd9dfb298fcd8382d3363b86870dc7340.tar.gz",
      "store_hash": "xbxicpvghi6i04d2cz1pfjnz0fsfkxhl"
    },
    "github:PolyMC/PolyMC develop": {
      "url": "https://github.com/PolyMC/PolyMC/archive/c6bcb6228b421983006d16c93f7cda091dc9679b.tar.gz",
      "store_hash": "4l3sdzl3kl029p9n618in45jj1837yiz"
    },
    "github:nix-community/NUR master": {
      "url": "https://github.com/nix-community/NUR/archive/a643ef20f4722ae40f8949be4c453271172be25a.tar.gz",
      "store_hash": "hjsg662j6d4isymxdyna8fxlyns7cj6j"
    },
    "github:nix-community/home-manager master": {
      "url": "https://github.com/nix-community/home-manager/archive/9e7394523eb4f298528d457e316fc752bdf07151.tar.gz",
      "store_hash": "fg986336rdfr24p1hxxvc7i56h8hnhi4"
    },
    "github:nix-community/home-manager release-21.11": {
      "url": "https://github.com/nix-community/home-manager/archive/d93d56ab8c1c6aa575854a79b9d2f69d491db7d0.tar.gz",
      "store_hash": "y1l8n598dj75gpg814f62dn7cz7dkb2i"
    },
    "github:nix-community/nixpkgs-wayland master": {
      "url": "https://github.com/nix-community/nixpkgs-wayland/archive/f6259c8daf197480297c33a442d78175b8b417b2.tar.gz",
      "store_hash": "8b8ld7ic7pwj452chkh237x68vz39zwz"
    },
    "github:puffnfresh/nixpkgs pkgs/obs-backgroundremoval": {
      "url": "https://github.com/puffnfresh/nixpkgs/archive/08fc3fa6c22bd8ebbb4adadc75fb2dd44c535b92.tar.gz",
      "store_hash": "ssrrd3cvbzmkr17idmlcrs2s714mi62r"
    },
    "https://nixos.org/channels/nixos-unstable": {
      "url": "https://nixos.org/channels/nixos-unstable",
      "store_hash": "1w33drm8lc9i7qj65dnl7nac6aij06h5"
    }
  }
}
